{
  "lockfile_version": "1",
  "packages": {
    "atlas@0.30.0": {
      "last_modified": "2025-01-07T09:15:50Z",
      "resolved": "github:NixOS/nixpkgs/8c9fd3e564728e90829ee7dbac6edc972971cd0f#atlas",
      "source": "devbox-search",
      "version": "0.30.0",
      "systems": {
        "aarch64-darwin": {
          "outputs": [
            {
              "name": "out",
              "path": "/nix/store/xc4iajinx5y07xmjcpspdafmji1fps8l-atlas-0.30.0",
              "default": true
            }
          ],
          "store_path": "/nix/store/xc4iajinx5y07xmjcpspdafmji1fps8l-atlas-0.30.0"
        },
        "aarch64-linux": {
          "outputs": [
            {
              "name": "out",
              "path": "/nix/store/rb9kljm72brybippanwdnkkd44fpfflw-atlas-0.30.0",
              "default": true
            }
          ],
          "store_path": "/nix/store/rb9kljm72brybippanwdnkkd44fpfflw-atlas-0.30.0"
        },
        "x86_64-darwin": {
          "outputs": [
            {
              "name": "out",
              "path": "/nix/store/marqrbi7d64ar7dca0wfb3sf6ynbvins-atlas-0.30.0",
              "default": true
            }
          ],
          "store_path": "/nix/store/marqrbi7d64ar7dca0wfb3sf6ynbvins-atlas-0.30.0"
        },
        "x86_64-linux": {
          "outputs": [
            {
              "name": "out",
              "path": "/nix/store/hplww2ja4cydfpxy001f2aj9vmazvk42-atlas-0.30.0",
              "default": true
            }
          ],
          "store_path": "/nix/store/hplww2ja4cydfpxy001f2aj9vmazvk42-atlas-0.30.0"
        }
      }
    },
    "buf@1.48.0": {
      "last_modified": "2024-12-23T21:10:33Z",
      "resolved": "github:NixOS/nixpkgs/de1864217bfa9b5845f465e771e0ecb48b30e02d#buf",
      "source": "devbox-search",
      "version": "1.48.0",
      "systems": {
        "aarch64-darwin": {
          "outputs": [
            {
              "name": "out",
              "path": "/nix/store/pdb6d8j876nbbjhw5993fln68kcwlniq-buf-1.48.0",
              "default": true
            }
          ],
          "store_path": "/nix/store/pdb6d8j876nbbjhw5993fln68kcwlniq-buf-1.48.0"
        },
        "aarch64-linux": {
          "outputs": [
            {
              "name": "out",
              "path": "/nix/store/fc9qg7p7kds5pfga862ccw6dllnm7cng-buf-1.48.0",
              "default": true
            }
          ],
          "store_path": "/nix/store/fc9qg7p7kds5pfga862ccw6dllnm7cng-buf-1.48.0"
        },
        "x86_64-darwin": {
          "outputs": [
            {
              "name": "out",
              "path": "/nix/store/4yqk7zck6bqnxrb1vnhbzapz3j5nsjs4-buf-1.48.0",
              "default": true
            }
          ],
          "store_path": "/nix/store/4yqk7zck6bqnxrb1vnhbzapz3j5nsjs4-buf-1.48.0"
        },
        "x86_64-linux": {
          "outputs": [
            {
              "name": "out",
              "path": "/nix/store/2k1rr3dn7w4w67rbwcy6xg5f89kwmn09-buf-1.48.0",
              "default": true
            }
          ],
          "store_path": "/nix/store/2k1rr3dn7w4w67rbwcy6xg5f89kwmn09-buf-1.48.0"
        }
      }
    },
    "delve@1.24.0": {
      "last_modified": "2024-12-23T21:10:33Z",
      "resolved": "github:NixOS/nixpkgs/de1864217bfa9b5845f465e771e0ecb48b30e02d#delve",
      "source": "devbox-search",
      "version": "1.24.0",
      "systems": {
        "aarch64-darwin": {
          "outputs": [
            {
              "name": "out",
              "path": "/nix/store/xj8b9s21wyph1b1d1wmrczbrwfdrhrdz-delve-1.24.0",
              "default": true
            }
          ],
          "store_path": "/nix/store/xj8b9s21wyph1b1d1wmrczbrwfdrhrdz-delve-1.24.0"
        },
        "aarch64-linux": {
          "outputs": [
            {
              "name": "out",
              "path": "/nix/store/2skijylykqg4ly0vya7p7anisp82af25-delve-1.24.0",
              "default": true
            }
          ],
          "store_path": "/nix/store/2skijylykqg4ly0vya7p7anisp82af25-delve-1.24.0"
        },
        "x86_64-darwin": {
          "outputs": [
            {
              "name": "out",
              "path": "/nix/store/y3pl5374rzfdvs9vrw3ax04k48k7ssyv-delve-1.24.0",
              "default": true
            }
          ],
          "store_path": "/nix/store/y3pl5374rzfdvs9vrw3ax04k48k7ssyv-delve-1.24.0"
        },
        "x86_64-linux": {
          "outputs": [
            {
              "name": "out",
              "path": "/nix/store/2bbz59gyf6cp7cjbsbcj96mhsydwfv5l-delve-1.24.0",
              "default": true
            }
          ],
          "store_path": "/nix/store/2bbz59gyf6cp7cjbsbcj96mhsydwfv5l-delve-1.24.0"
        }
      }
    },
    "go-mockery@2.50.1": {
      "last_modified": "2024-12-30T10:25:05Z",
      "resolved": "github:NixOS/nixpkgs/0e82ab234249d8eee3e8c91437802b32c74bb3fd#go-mockery",
      "source": "devbox-search",
      "version": "2.50.1",
      "systems": {
        "aarch64-darwin": {
          "outputs": [
            {
              "name": "out",
              "path": "/nix/store/1n2x3h9nhx9zzkdxg30f6gdvqr888wq7-go-mockery-2.50.1",
              "default": true
            }
          ],
          "store_path": "/nix/store/1n2x3h9nhx9zzkdxg30f6gdvqr888wq7-go-mockery-2.50.1"
        },
        "aarch64-linux": {
          "outputs": [
            {
              "name": "out",
              "path": "/nix/store/5lf841d5awd6xr8w2x6fmvyrmgq0bixk-go-mockery-2.50.1",
              "default": true
            }
          ],
          "store_path": "/nix/store/5lf841d5awd6xr8w2x6fmvyrmgq0bixk-go-mockery-2.50.1"
        },
        "x86_64-darwin": {
          "outputs": [
            {
              "name": "out",
              "path": "/nix/store/hwhs16bdz7l3lw7642l5d7hrybyhkdgn-go-mockery-2.50.1",
              "default": true
            }
          ],
          "store_path": "/nix/store/hwhs16bdz7l3lw7642l5d7hrybyhkdgn-go-mockery-2.50.1"
        },
        "x86_64-linux": {
          "outputs": [
            {
              "name": "out",
              "path": "/nix/store/3wn5xwj27iw72sw30scbabsp41dxbm5k-go-mockery-2.50.1",
              "default": true
            }
          ],
          "store_path": "/nix/store/3wn5xwj27iw72sw30scbabsp41dxbm5k-go-mockery-2.50.1"
        }
      }
    },
    "go-task@latest": {
      "last_modified": "2025-01-14T09:56:28Z",
      "resolved": "github:NixOS/nixpkgs/357cd3dfdb8993af11268d755d53357720675e66#go-task",
      "source": "devbox-search",
      "version": "3.40.1",
      "systems": {
        "aarch64-darwin": {
          "outputs": [
            {
              "name": "out",
              "path": "/nix/store/aixfgx140ck769fgd62w2jn6zr0rpjap-go-task-3.40.1",
              "default": true
            }
          ],
          "store_path": "/nix/store/aixfgx140ck769fgd62w2jn6zr0rpjap-go-task-3.40.1"
        },
        "aarch64-linux": {
          "outputs": [
            {
              "name": "out",
              "path": "/nix/store/221dfg78szgn8sy0schr2yrxi0ksg7az-go-task-3.40.1",
              "default": true
            }
          ],
          "store_path": "/nix/store/221dfg78szgn8sy0schr2yrxi0ksg7az-go-task-3.40.1"
        },
        "x86_64-darwin": {
          "outputs": [
            {
              "name": "out",
              "path": "/nix/store/yrfn4jmxsw16ngmgxslff18nrf7h1xy5-go-task-3.40.1",
              "default": true
            }
          ],
          "store_path": "/nix/store/yrfn4jmxsw16ngmgxslff18nrf7h1xy5-go-task-3.40.1"
        },
        "x86_64-linux": {
          "outputs": [
            {
              "name": "out",
              "path": "/nix/store/66bmnhrlh62vxflw0siz8s7i5pff7i7j-go-task-3.40.1",
              "default": true
            }
          ],
          "store_path": "/nix/store/66bmnhrlh62vxflw0siz8s7i5pff7i7j-go-task-3.40.1"
        }
      }
    },
    "gofumpt@latest": {
      "last_modified": "2024-12-23T21:10:33Z",
      "resolved": "github:NixOS/nixpkgs/de1864217bfa9b5845f465e771e0ecb48b30e02d#gofumpt",
      "source": "devbox-search",
      "version": "0.7.0",
      "systems": {
        "aarch64-darwin": {
          "outputs": [
            {
              "name": "out",
              "path": "/nix/store/agaypkhfm7phwm4rkqih9sg34yd5zj5n-gofumpt-0.7.0",
              "default": true
            }
          ],
          "store_path": "/nix/store/agaypkhfm7phwm4rkqih9sg34yd5zj5n-gofumpt-0.7.0"
        },
        "aarch64-linux": {
          "outputs": [
            {
              "name": "out",
              "path": "/nix/store/cnacf7qvbasir74h1b2d19syw7902chg-gofumpt-0.7.0",
              "default": true
            }
          ],
          "store_path": "/nix/store/cnacf7qvbasir74h1b2d19syw7902chg-gofumpt-0.7.0"
        },
        "x86_64-darwin": {
          "outputs": [
            {
              "name": "out",
              "path": "/nix/store/ws2bs247k1026wkv0ijply8yz3q4g4pw-gofumpt-0.7.0",
              "default": true
            }
          ],
          "store_path": "/nix/store/ws2bs247k1026wkv0ijply8yz3q4g4pw-gofumpt-0.7.0"
        },
        "x86_64-linux": {
          "outputs": [
            {
              "name": "out",
              "path": "/nix/store/w4fgbdhsfhp49gkslz0zrxsa5ivyq1xa-gofumpt-0.7.0",
              "default": true
            }
          ],
          "store_path": "/nix/store/w4fgbdhsfhp49gkslz0zrxsa5ivyq1xa-gofumpt-0.7.0"
        }
      }
    },
    "golangci-lint@1.63.1": {
      "last_modified": "2025-01-03T14:51:55Z",
      "resolved": "github:NixOS/nixpkgs/a27871180d30ebee8aa6b11bf7fef8a52f024733#golangci-lint",
      "source": "devbox-search",
      "version": "1.63.1",
      "systems": {
        "aarch64-darwin": {
          "outputs": [
            {
              "name": "out",
              "path": "/nix/store/7rkrh0p9zvcwh9fy0hsk7pxcldvaiajs-golangci-lint-1.63.1",
              "default": true
            }
          ],
          "store_path": "/nix/store/7rkrh0p9zvcwh9fy0hsk7pxcldvaiajs-golangci-lint-1.63.1"
        },
        "aarch64-linux": {
          "outputs": [
            {
              "name": "out",
              "path": "/nix/store/z839l50jifg5129zsnsshz10d5cfc8f7-golangci-lint-1.63.1",
              "default": true
            }
          ],
          "store_path": "/nix/store/z839l50jifg5129zsnsshz10d5cfc8f7-golangci-lint-1.63.1"
        },
        "x86_64-darwin": {
          "outputs": [
            {
              "name": "out",
              "path": "/nix/store/8x11dm1d0zj7rb3y4rsdydmfmfqr4vjd-golangci-lint-1.63.1",
              "default": true
            }
          ],
          "store_path": "/nix/store/8x11dm1d0zj7rb3y4rsdydmfmfqr4vjd-golangci-lint-1.63.1"
        },
        "x86_64-linux": {
          "outputs": [
            {
              "name": "out",
              "path": "/nix/store/jh9mhp15v2gfrkfg7d439wbx2vmlqjlv-golangci-lint-1.63.1",
              "default": true
            }
          ],
          "store_path": "/nix/store/jh9mhp15v2gfrkfg7d439wbx2vmlqjlv-golangci-lint-1.63.1"
        }
      }
    },
    "gotestsum@latest": {
      "last_modified": "2024-12-23T21:10:33Z",
      "resolved": "github:NixOS/nixpkgs/de1864217bfa9b5845f465e771e0ecb48b30e02d#gotestsum",
      "source": "devbox-search",
      "version": "1.12.0-unstable-2024-09-17",
      "systems": {
        "aarch64-darwin": {
          "outputs": [
            {
              "name": "out",
              "path": "/nix/store/bpy24zqs9jff0890chlw2q7cpayp83qi-gotestsum-1.12.0-unstable-2024-09-17",
              "default": true
            }
          ],
          "store_path": "/nix/store/bpy24zqs9jff0890chlw2q7cpayp83qi-gotestsum-1.12.0-unstable-2024-09-17"
        },
        "aarch64-linux": {
          "outputs": [
            {
              "name": "out",
              "path": "/nix/store/p65z1bb2fjb9l8qvrz7vxnpbz6h7bc9y-gotestsum-1.12.0-unstable-2024-09-17",
              "default": true
            }
          ],
          "store_path": "/nix/store/p65z1bb2fjb9l8qvrz7vxnpbz6h7bc9y-gotestsum-1.12.0-unstable-2024-09-17"
        },
        "x86_64-darwin": {
          "outputs": [
            {
              "name": "out",
              "path": "/nix/store/cpvim37q3sxbvfi8fiskd3fi4zw2iwb8-gotestsum-1.12.0-unstable-2024-09-17",
              "default": true
            }
          ],
          "store_path": "/nix/store/cpvim37q3sxbvfi8fiskd3fi4zw2iwb8-gotestsum-1.12.0-unstable-2024-09-17"
        },
        "x86_64-linux": {
          "outputs": [
            {
              "name": "out",
              "path": "/nix/store/lw5qynmh9qxvbdq1xaa3lms77fdxzjzd-gotestsum-1.12.0-unstable-2024-09-17",
              "default": true
            }
          ],
          "store_path": "/nix/store/lw5qynmh9qxvbdq1xaa3lms77fdxzjzd-gotestsum-1.12.0-unstable-2024-09-17"
        }
      }
    },
    "grpcui@latest": {
      "last_modified": "2024-12-23T21:10:33Z",
      "resolved": "github:NixOS/nixpkgs/de1864217bfa9b5845f465e771e0ecb48b30e02d#grpcui",
      "source": "devbox-search",
      "version": "1.4.2",
      "systems": {
        "aarch64-darwin": {
          "outputs": [
            {
              "name": "out",
              "path": "/nix/store/wdrwsvjv5kb98xw633p4ri8xrkckfap2-grpcui-1.4.2",
              "default": true
            }
          ],
          "store_path": "/nix/store/wdrwsvjv5kb98xw633p4ri8xrkckfap2-grpcui-1.4.2"
        },
        "aarch64-linux": {
          "outputs": [
            {
              "name": "out",
              "path": "/nix/store/nfn3gh2v97dbps3r8irjcgc4cfyzibwp-grpcui-1.4.2",
              "default": true
            }
          ],
          "store_path": "/nix/store/nfn3gh2v97dbps3r8irjcgc4cfyzibwp-grpcui-1.4.2"
        },
        "x86_64-darwin": {
          "outputs": [
            {
              "name": "out",
              "path": "/nix/store/d3n5wp4la62m73l6hw0ykcswxwq8dn8d-grpcui-1.4.2",
              "default": true
            }
          ],
          "store_path": "/nix/store/d3n5wp4la62m73l6hw0ykcswxwq8dn8d-grpcui-1.4.2"
        },
        "x86_64-linux": {
          "outputs": [
            {
              "name": "out",
              "path": "/nix/store/lsr36lgspf8gaghq9yb9n1d9i0qiii06-grpcui-1.4.2",
              "default": true
            }
          ],
          "store_path": "/nix/store/lsr36lgspf8gaghq9yb9n1d9i0qiii06-grpcui-1.4.2"
        }
      }
    },
    "nodePackages.prettier@latest": {
      "last_modified": "2024-12-23T21:10:33Z",
      "resolved": "github:NixOS/nixpkgs/de1864217bfa9b5845f465e771e0ecb48b30e02d#nodePackages.prettier",
      "source": "devbox-search",
      "version": "3.3.3",
      "systems": {
        "aarch64-darwin": {
          "outputs": [
            {
              "name": "out",
              "path": "/nix/store/9pvl3hn93mp8svhqgwvk9ri9c98z4hps-prettier-3.3.3",
              "default": true
            }
          ],
          "store_path": "/nix/store/9pvl3hn93mp8svhqgwvk9ri9c98z4hps-prettier-3.3.3"
        },
        "aarch64-linux": {
          "outputs": [
            {
              "name": "out",
              "path": "/nix/store/afinxqbijp7ydcavy8ivxrjb0sqxlmsg-prettier-3.3.3",
              "default": true
            }
          ],
          "store_path": "/nix/store/afinxqbijp7ydcavy8ivxrjb0sqxlmsg-prettier-3.3.3"
        },
        "x86_64-darwin": {
          "outputs": [
            {
              "name": "out",
              "path": "/nix/store/25rf0d9n2kh16fj2n1y4nprsybj7cwh2-prettier-3.3.3",
              "default": true
            }
          ],
          "store_path": "/nix/store/25rf0d9n2kh16fj2n1y4nprsybj7cwh2-prettier-3.3.3"
        },
        "x86_64-linux": {
          "outputs": [
            {
              "name": "out",
              "path": "/nix/store/izx5dss5sljcbs6w3kqy943cckh3n999-prettier-3.3.3",
              "default": true
            }
          ],
          "store_path": "/nix/store/izx5dss5sljcbs6w3kqy943cckh3n999-prettier-3.3.3"
        }
      }
    },
    "sqlc@1.27.0": {
      "last_modified": "2024-12-23T21:10:33Z",
      "resolved": "github:NixOS/nixpkgs/de1864217bfa9b5845f465e771e0ecb48b30e02d#sqlc",
      "source": "devbox-search",
      "version": "1.27.0",
      "systems": {
        "aarch64-darwin": {
          "outputs": [
            {
              "name": "out",
              "path": "/nix/store/n17zwlr8mc6b3sz7zl1wc8b8b9i1w119-sqlc-1.27.0",
              "default": true
            }
          ],
          "store_path": "/nix/store/n17zwlr8mc6b3sz7zl1wc8b8b9i1w119-sqlc-1.27.0"
        },
        "aarch64-linux": {
          "outputs": [
            {
              "name": "out",
              "path": "/nix/store/4d4d2fz8cylhsypxg827hap44myrf3kx-sqlc-1.27.0",
              "default": true
            }
          ],
          "store_path": "/nix/store/4d4d2fz8cylhsypxg827hap44myrf3kx-sqlc-1.27.0"
        },
        "x86_64-darwin": {
          "outputs": [
            {
              "name": "out",
              "path": "/nix/store/1qcz74l1g13zzjkzpcbc2pr99myjlrcs-sqlc-1.27.0",
              "default": true
            }
          ],
          "store_path": "/nix/store/1qcz74l1g13zzjkzpcbc2pr99myjlrcs-sqlc-1.27.0"
        },
        "x86_64-linux": {
          "outputs": [
            {
              "name": "out",
              "path": "/nix/store/80gxhvj6mjh0k79i88x4ks0kr705xpj3-sqlc-1.27.0",
              "default": true
            }
          ],
          "store_path": "/nix/store/80gxhvj6mjh0k79i88x4ks0kr705xpj3-sqlc-1.27.0"
        }
      }
    },
    "sqlfluff@latest": {
      "last_modified": "2025-01-05T01:56:15Z",
      "resolved": "github:NixOS/nixpkgs/bf689c40d035239a489de5997a4da5352434632e#sqlfluff",
      "source": "devbox-search",
      "version": "3.3.0",
      "systems": {
        "aarch64-darwin": {
          "outputs": [
            {
              "name": "out",
              "path": "/nix/store/qm1p61klicwrj0p5lzk3d020zkb6clyx-sqlfluff-3.3.0",
              "default": true
            },
            {
              "name": "dist",
              "path": "/nix/store/sf26jshh5244031m95p5svrxab5zk1rf-sqlfluff-3.3.0-dist"
            }
          ],
          "store_path": "/nix/store/qm1p61klicwrj0p5lzk3d020zkb6clyx-sqlfluff-3.3.0"
        },
        "aarch64-linux": {
          "outputs": [
            {
              "name": "out",
              "path": "/nix/store/lmqinqw791dkrpnmryh8353javqycg3i-sqlfluff-3.3.0",
              "default": true
            },
            {
              "name": "dist",
              "path": "/nix/store/hl5y43pbzb07nxwhbkanp2g7xl7kdw6w-sqlfluff-3.3.0-dist"
            }
          ],
          "store_path": "/nix/store/lmqinqw791dkrpnmryh8353javqycg3i-sqlfluff-3.3.0"
        },
        "x86_64-darwin": {
          "outputs": [
            {
              "name": "out",
              "path": "/nix/store/fgsvib1qdq3a1vj1yvjc56c9qrqxyd9i-sqlfluff-3.3.0",
              "default": true
            },
            {
              "name": "dist",
              "path": "/nix/store/yz39613c4nd2h44n2w0imn3ylp6h2bm3-sqlfluff-3.3.0-dist"
            }
          ],
          "store_path": "/nix/store/fgsvib1qdq3a1vj1yvjc56c9qrqxyd9i-sqlfluff-3.3.0"
        },
        "x86_64-linux": {
          "outputs": [
            {
              "name": "out",
              "path": "/nix/store/5g4kgqslh8spf514xvcs8f4501ribz8a-sqlfluff-3.3.0",
              "default": true
            },
            {
              "name": "dist",
              "path": "/nix/store/6x7a4dfd1bjq0lnxpz941pj8mv8m3kai-sqlfluff-3.3.0-dist"
            }
          ],
          "store_path": "/nix/store/5g4kgqslh8spf514xvcs8f4501ribz8a-sqlfluff-3.3.0"
        }
      }
    }
  }
}
