{
  "lockfile_version": "1",
  "packages": {
    "atlas@0.21.1": {
      "last_modified": "2024-05-03T15:42:32Z",
      "resolved": "github:NixOS/nixpkgs/5fd8536a9a5932d4ae8de52b7dc08d92041237fc#atlas",
      "source": "devbox-search",
      "version": "0.21.1",
      "systems": {
        "aarch64-darwin": {
          "outputs": [
            {
              "name": "out",
              "path": "/nix/store/rq3ylp9wnnn0hb1yrky9vx93h1kah5p9-atlas-0.21.1",
              "default": true
            }
          ],
          "store_path": "/nix/store/rq3ylp9wnnn0hb1yrky9vx93h1kah5p9-atlas-0.21.1"
        },
        "aarch64-linux": {
          "outputs": [
            {
              "name": "out",
              "path": "/nix/store/f0vj6c3ln606snvq4lgbi7b1cmyh5svm-atlas-0.21.1",
              "default": true
            }
          ],
          "store_path": "/nix/store/f0vj6c3ln606snvq4lgbi7b1cmyh5svm-atlas-0.21.1"
        },
        "x86_64-darwin": {
          "outputs": [
            {
              "name": "out",
              "path": "/nix/store/915i93c0cnpxyawdzx4p9w5aq6lmgrlv-atlas-0.21.1",
              "default": true
            }
          ],
          "store_path": "/nix/store/915i93c0cnpxyawdzx4p9w5aq6lmgrlv-atlas-0.21.1"
        },
        "x86_64-linux": {
          "outputs": [
            {
              "name": "out",
              "path": "/nix/store/bq1nqd13a77nj8bzq0g1zhnnbjq9l3z4-atlas-0.21.1",
              "default": true
            }
          ],
          "store_path": "/nix/store/bq1nqd13a77nj8bzq0g1zhnnbjq9l3z4-atlas-0.21.1"
        }
      }
    },
    "buf@1.31.0": {
      "last_modified": "2024-05-29T10:04:41Z",
      "resolved": "github:NixOS/nixpkgs/ac82a513e55582291805d6f09d35b6d8b60637a1#buf",
      "source": "devbox-search",
      "version": "1.31.0",
      "systems": {
        "aarch64-darwin": {
          "outputs": [
            {
              "name": "out",
              "path": "/nix/store/qkfslvkms3svjnz8w7fil7j34f3di4vf-buf-1.31.0",
              "default": true
            }
          ],
          "store_path": "/nix/store/qkfslvkms3svjnz8w7fil7j34f3di4vf-buf-1.31.0"
        },
        "aarch64-linux": {
          "outputs": [
            {
              "name": "out",
              "path": "/nix/store/5l1y424faq1glaslshfmc53z3n5zf4ww-buf-1.31.0",
              "default": true
            }
          ],
          "store_path": "/nix/store/5l1y424faq1glaslshfmc53z3n5zf4ww-buf-1.31.0"
        },
        "x86_64-darwin": {
          "outputs": [
            {
              "name": "out",
              "path": "/nix/store/6h1b0c5yqyhxy2cy6pyjfwrals9p7w37-buf-1.31.0",
              "default": true
            }
          ],
          "store_path": "/nix/store/6h1b0c5yqyhxy2cy6pyjfwrals9p7w37-buf-1.31.0"
        },
        "x86_64-linux": {
          "outputs": [
            {
              "name": "out",
              "path": "/nix/store/yzgzdd1icwgpknn2jxjxcmxxp8a7ixgx-buf-1.31.0",
              "default": true
            }
          ],
          "store_path": "/nix/store/yzgzdd1icwgpknn2jxjxcmxxp8a7ixgx-buf-1.31.0"
        }
      }
    },
    "delve@1.22.1": {
      "last_modified": "2024-07-07T07:43:47Z",
      "resolved": "github:NixOS/nixpkgs/b60793b86201040d9dee019a05089a9150d08b5b#delve",
      "source": "devbox-search",
      "version": "1.22.1",
      "systems": {
        "aarch64-darwin": {
          "outputs": [
            {
              "name": "out",
              "path": "/nix/store/jsj6rdj8j24c6rdjj1ajbqkb7s4h0g8d-delve-1.22.1",
              "default": true
            }
          ],
          "store_path": "/nix/store/jsj6rdj8j24c6rdjj1ajbqkb7s4h0g8d-delve-1.22.1"
        },
        "aarch64-linux": {
          "outputs": [
            {
              "name": "out",
              "path": "/nix/store/axpx6yiigxv8gmz32pmpwnaskslfm5vp-delve-1.22.1",
              "default": true
            }
          ],
          "store_path": "/nix/store/axpx6yiigxv8gmz32pmpwnaskslfm5vp-delve-1.22.1"
        },
        "x86_64-darwin": {
          "outputs": [
            {
              "name": "out",
              "path": "/nix/store/rag5na76x0mvi58plnabfjj7vn6asq0x-delve-1.22.1",
              "default": true
            }
          ],
          "store_path": "/nix/store/rag5na76x0mvi58plnabfjj7vn6asq0x-delve-1.22.1"
        },
        "x86_64-linux": {
          "outputs": [
            {
              "name": "out",
              "path": "/nix/store/nq1x2m64a0w5gkkm0pwbqxh1zdpj2hln-delve-1.22.1",
              "default": true
            }
          ],
          "store_path": "/nix/store/nq1x2m64a0w5gkkm0pwbqxh1zdpj2hln-delve-1.22.1"
        }
      }
    },
    "go-mockery@2.42.3": {
      "last_modified": "2024-04-24T10:24:25-04:00",
      "resolved": "github:NixOS/nixpkgs/a0cadba85e907b8e2d6ae549d25535da3b1b6d5e#go-mockery",
      "source": "devbox-search",
      "version": "2.42.3",
      "systems": {
        "aarch64-darwin": {
          "outputs": [
            {
              "name": "out",
              "path": "/nix/store/ngif2q3ndmz7llm74zvjx1w2vbdix4rm-go-mockery-2.42.3",
              "default": true
            }
          ],
          "store_path": "/nix/store/ngif2q3ndmz7llm74zvjx1w2vbdix4rm-go-mockery-2.42.3"
        },
        "aarch64-linux": {
          "outputs": [
            {
              "name": "out",
              "path": "/nix/store/793q7w9hz2f85602hvqhz0b95gdsj95y-go-mockery-2.42.3",
              "default": true
            }
          ],
          "store_path": "/nix/store/793q7w9hz2f85602hvqhz0b95gdsj95y-go-mockery-2.42.3"
        },
        "x86_64-darwin": {
          "outputs": [
            {
              "name": "out",
              "path": "/nix/store/789174pipjxfbadxdbcis543y29yayl4-go-mockery-2.42.3",
              "default": true
            }
          ],
          "store_path": "/nix/store/789174pipjxfbadxdbcis543y29yayl4-go-mockery-2.42.3"
        },
        "x86_64-linux": {
          "outputs": [
            {
              "name": "out",
              "path": "/nix/store/3xikj1cjqg0qr6m6pm35rkl66gyah864-go-mockery-2.42.3",
              "default": true
            }
          ],
          "store_path": "/nix/store/3xikj1cjqg0qr6m6pm35rkl66gyah864-go-mockery-2.42.3"
        }
      }
    },
    "go-task@3.36.0": {
      "last_modified": "2024-05-03T15:42:32Z",
      "resolved": "github:NixOS/nixpkgs/5fd8536a9a5932d4ae8de52b7dc08d92041237fc#go-task",
      "source": "devbox-search",
      "version": "3.36.0",
      "systems": {
        "aarch64-darwin": {
          "outputs": [
            {
              "name": "out",
              "path": "/nix/store/flfm1v9mz027ha6a9picaqqxm0ip2i1v-go-task-3.36.0",
              "default": true
            }
          ],
          "store_path": "/nix/store/flfm1v9mz027ha6a9picaqqxm0ip2i1v-go-task-3.36.0"
        },
        "aarch64-linux": {
          "outputs": [
            {
              "name": "out",
              "path": "/nix/store/n5ax3dmfqqbnnnp3va6jmamqjac1hbf7-go-task-3.36.0",
              "default": true
            }
          ],
          "store_path": "/nix/store/n5ax3dmfqqbnnnp3va6jmamqjac1hbf7-go-task-3.36.0"
        },
        "x86_64-darwin": {
          "outputs": [
            {
              "name": "out",
              "path": "/nix/store/0vmws18srsmgafa51x6g4dcmg0v8g4d1-go-task-3.36.0",
              "default": true
            }
          ],
          "store_path": "/nix/store/0vmws18srsmgafa51x6g4dcmg0v8g4d1-go-task-3.36.0"
        },
        "x86_64-linux": {
          "outputs": [
            {
              "name": "out",
              "path": "/nix/store/b4q7v3n823wxpv75dprsnzsawsxy6h04-go-task-3.36.0",
              "default": true
            }
          ],
          "store_path": "/nix/store/b4q7v3n823wxpv75dprsnzsawsxy6h04-go-task-3.36.0"
        }
      }
    },
    "gofumpt@0.6.0": {
      "last_modified": "2024-07-20T09:11:00Z",
      "resolved": "github:NixOS/nixpkgs/6e14bbce7bea6c4efd7adfa88a40dac750d80100#gofumpt",
      "source": "devbox-search",
      "version": "0.6.0",
      "systems": {
        "aarch64-darwin": {
          "outputs": [
            {
              "name": "out",
              "path": "/nix/store/cnkfn5jk1ngm3kqi7ljpwpnr2n61cgr9-gofumpt-0.6.0",
              "default": true
            }
          ],
          "store_path": "/nix/store/cnkfn5jk1ngm3kqi7ljpwpnr2n61cgr9-gofumpt-0.6.0"
        },
        "aarch64-linux": {
          "outputs": [
            {
              "name": "out",
              "path": "/nix/store/lkplgj7y2z1ggvipxwl3s04bbgl2fh8w-gofumpt-0.6.0",
              "default": true
            }
          ],
          "store_path": "/nix/store/lkplgj7y2z1ggvipxwl3s04bbgl2fh8w-gofumpt-0.6.0"
        },
        "x86_64-darwin": {
          "outputs": [
            {
              "name": "out",
              "path": "/nix/store/q8iwk3ra3v84r8wlxgh4fwdfbv943hw8-gofumpt-0.6.0",
              "default": true
            }
          ],
          "store_path": "/nix/store/q8iwk3ra3v84r8wlxgh4fwdfbv943hw8-gofumpt-0.6.0"
        },
        "x86_64-linux": {
          "outputs": [
            {
              "name": "out",
              "path": "/nix/store/7sniqfv90bcqvp1im8blby59hwz2xrfj-gofumpt-0.6.0",
              "default": true
            }
          ],
          "store_path": "/nix/store/7sniqfv90bcqvp1im8blby59hwz2xrfj-gofumpt-0.6.0"
        }
      }
    },
    "goimports@2021-01-13": {
      "last_modified": "2022-02-15T04:21:50Z",
      "resolved": "github:NixOS/nixpkgs/3a641defd170a4ef25ce8c7c64cb13f91f867fca#goimports",
      "source": "devbox-search",
      "version": "2021-01-13"
    },
    "golangci-lint@1.57.2": {
      "last_modified": "2024-05-03T15:42:32Z",
      "resolved": "github:NixOS/nixpkgs/5fd8536a9a5932d4ae8de52b7dc08d92041237fc#golangci-lint",
      "source": "devbox-search",
      "version": "1.57.2",
      "systems": {
        "aarch64-darwin": {
          "outputs": [
            {
              "name": "out",
              "path": "/nix/store/jxi6c752jsl4k7w3vzb4i55910j4abb4-golangci-lint-1.57.2",
              "default": true
            }
          ],
          "store_path": "/nix/store/jxi6c752jsl4k7w3vzb4i55910j4abb4-golangci-lint-1.57.2"
        },
        "aarch64-linux": {
          "outputs": [
            {
              "name": "out",
              "path": "/nix/store/g8jacqcy8cr2n2iylqfdfmxlarn2jhfx-golangci-lint-1.57.2",
              "default": true
            }
          ],
          "store_path": "/nix/store/g8jacqcy8cr2n2iylqfdfmxlarn2jhfx-golangci-lint-1.57.2"
        },
        "x86_64-darwin": {
          "outputs": [
            {
              "name": "out",
              "path": "/nix/store/p9qf3jr68wwgx9538n2nnrjfszhjbcgc-golangci-lint-1.57.2",
              "default": true
            }
          ],
          "store_path": "/nix/store/p9qf3jr68wwgx9538n2nnrjfszhjbcgc-golangci-lint-1.57.2"
        },
        "x86_64-linux": {
          "outputs": [
            {
              "name": "out",
              "path": "/nix/store/2aq2bwy8inbwdh0lma0pcrsawmq9f18d-golangci-lint-1.57.2",
              "default": true
            }
          ],
          "store_path": "/nix/store/2aq2bwy8inbwdh0lma0pcrsawmq9f18d-golangci-lint-1.57.2"
        }
      }
    },
    "gotestsum@1.10.1": {
      "last_modified": "2024-04-19T17:36:04-04:00",
      "resolved": "github:NixOS/nixpkgs/92d295f588631b0db2da509f381b4fb1e74173c5#gotestsum",
      "source": "devbox-search",
      "version": "1.10.1",
      "systems": {
        "aarch64-darwin": {
          "outputs": [
            {
              "name": "out",
              "path": "/nix/store/ig0lkm37qv1dwwcjwr86110wgkr6ifdj-gotestsum-1.10.1",
              "default": true
            }
          ],
          "store_path": "/nix/store/ig0lkm37qv1dwwcjwr86110wgkr6ifdj-gotestsum-1.10.1"
        },
        "aarch64-linux": {
          "outputs": [
            {
              "name": "out",
              "path": "/nix/store/zx1qgqrjh64mzghizb5aqrpn5w6m9cwy-gotestsum-1.10.1",
              "default": true
            }
          ],
          "store_path": "/nix/store/zx1qgqrjh64mzghizb5aqrpn5w6m9cwy-gotestsum-1.10.1"
        },
        "x86_64-darwin": {
          "outputs": [
            {
              "name": "out",
              "path": "/nix/store/n5gzxnld94v1z2fdqpadav2ncs21fx0a-gotestsum-1.10.1",
              "default": true
            }
          ],
          "store_path": "/nix/store/n5gzxnld94v1z2fdqpadav2ncs21fx0a-gotestsum-1.10.1"
        },
        "x86_64-linux": {
          "outputs": [
            {
              "name": "out",
              "path": "/nix/store/nq7a90jrbzykxwsgd57sgyqnhj141xix-gotestsum-1.10.1",
              "default": true
            }
          ],
          "store_path": "/nix/store/nq7a90jrbzykxwsgd57sgyqnhj141xix-gotestsum-1.10.1"
        }
      }
    },
    "grpcui@latest": {
      "last_modified": "2024-11-30T20:04:26Z",
      "resolved": "github:NixOS/nixpkgs/33b9d57c656e65a9c88c5f34e4eb00b83e2b0ca9#grpcui",
      "source": "devbox-search",
      "version": "1.4.2",
      "systems": {
        "aarch64-darwin": {
          "outputs": [
            {
              "name": "out",
              "path": "/nix/store/qc1mgi8qg959sbg1xbi4m5myn8y1dxjh-grpcui-1.4.2",
              "default": true
            }
          ],
          "store_path": "/nix/store/qc1mgi8qg959sbg1xbi4m5myn8y1dxjh-grpcui-1.4.2"
        },
        "aarch64-linux": {
          "outputs": [
            {
              "name": "out",
              "path": "/nix/store/20xcnzygsvcf260nrbayrwgzfqbm2abv-grpcui-1.4.2",
              "default": true
            }
          ],
          "store_path": "/nix/store/20xcnzygsvcf260nrbayrwgzfqbm2abv-grpcui-1.4.2"
        },
        "x86_64-darwin": {
          "outputs": [
            {
              "name": "out",
              "path": "/nix/store/klkcv5b515rh7kvknvy3y1sdwfx7dcsj-grpcui-1.4.2",
              "default": true
            }
          ],
          "store_path": "/nix/store/klkcv5b515rh7kvknvy3y1sdwfx7dcsj-grpcui-1.4.2"
        },
        "x86_64-linux": {
          "outputs": [
            {
              "name": "out",
              "path": "/nix/store/mlivraw5q15aa59fkrn0h9j5c5zd654l-grpcui-1.4.2",
              "default": true
            }
          ],
          "store_path": "/nix/store/mlivraw5q15aa59fkrn0h9j5c5zd654l-grpcui-1.4.2"
        }
      }
    },
    "sqlc@1.26.0": {
      "last_modified": "2024-07-20T09:11:00Z",
      "resolved": "github:NixOS/nixpkgs/6e14bbce7bea6c4efd7adfa88a40dac750d80100#sqlc",
      "source": "devbox-search",
      "version": "1.26.0",
      "systems": {
        "aarch64-darwin": {
          "outputs": [
            {
              "name": "out",
              "path": "/nix/store/da4bxkk0grsj6pzx9z15ycshsbrq38cd-sqlc-1.26.0",
              "default": true
            }
          ],
          "store_path": "/nix/store/da4bxkk0grsj6pzx9z15ycshsbrq38cd-sqlc-1.26.0"
        },
        "aarch64-linux": {
          "outputs": [
            {
              "name": "out",
              "path": "/nix/store/j793mdysq8by9hsvnnw1fxswxdz2az3f-sqlc-1.26.0",
              "default": true
            }
          ],
          "store_path": "/nix/store/j793mdysq8by9hsvnnw1fxswxdz2az3f-sqlc-1.26.0"
        },
        "x86_64-darwin": {
          "outputs": [
            {
              "name": "out",
              "path": "/nix/store/27mdla09qdlrl4lbr0vdivxy77b2cndd-sqlc-1.26.0",
              "default": true
            }
          ],
          "store_path": "/nix/store/27mdla09qdlrl4lbr0vdivxy77b2cndd-sqlc-1.26.0"
        },
        "x86_64-linux": {
          "outputs": [
            {
              "name": "out",
              "path": "/nix/store/g1sknqzbg9sn09fwff5v80j57waay71r-sqlc-1.26.0",
              "default": true
            }
          ],
          "store_path": "/nix/store/g1sknqzbg9sn09fwff5v80j57waay71r-sqlc-1.26.0"
        }
      }
    },
    "sqlfluff@3.0.5": {
      "last_modified": "2024-05-03T15:42:32Z",
      "resolved": "github:NixOS/nixpkgs/5fd8536a9a5932d4ae8de52b7dc08d92041237fc#sqlfluff",
      "source": "devbox-search",
      "version": "3.0.5",
      "systems": {
        "aarch64-darwin": {
          "outputs": [
            {
              "name": "out",
              "path": "/nix/store/y6fslcdicj4svdqyw97my7lwd762g6xp-sqlfluff-3.0.5",
              "default": true
            },
            {
              "name": "dist",
              "path": "/nix/store/c09g046i9z553brg5z64rx9j4b86y6dc-sqlfluff-3.0.5-dist"
            }
          ],
          "store_path": "/nix/store/y6fslcdicj4svdqyw97my7lwd762g6xp-sqlfluff-3.0.5"
        },
        "aarch64-linux": {
          "outputs": [
            {
              "name": "out",
              "path": "/nix/store/d3azf835hxygk4hwhkb1pdcfp6fccf1b-sqlfluff-3.0.5",
              "default": true
            },
            {
              "name": "dist",
              "path": "/nix/store/qyrz7xz7f62pq3df6fsrlfjdi3x1z02m-sqlfluff-3.0.5-dist"
            }
          ],
          "store_path": "/nix/store/d3azf835hxygk4hwhkb1pdcfp6fccf1b-sqlfluff-3.0.5"
        },
        "x86_64-darwin": {
          "outputs": [
            {
              "name": "out",
              "path": "/nix/store/f5hfkgbnbnwxj11a6sd0r6wwdrm3qqd9-sqlfluff-3.0.5",
              "default": true
            },
            {
              "name": "dist",
              "path": "/nix/store/i0rnf2a3p26s470yhfy26xwh97hd98lg-sqlfluff-3.0.5-dist"
            }
          ],
          "store_path": "/nix/store/f5hfkgbnbnwxj11a6sd0r6wwdrm3qqd9-sqlfluff-3.0.5"
        },
        "x86_64-linux": {
          "outputs": [
            {
              "name": "out",
              "path": "/nix/store/02x1m2jx64bjqnfbldm83wbnfdm2m7pv-sqlfluff-3.0.5",
              "default": true
            },
            {
              "name": "dist",
              "path": "/nix/store/hh51fs403q83xbn28693q81gdm6189b8-sqlfluff-3.0.5-dist"
            }
          ],
          "store_path": "/nix/store/02x1m2jx64bjqnfbldm83wbnfdm2m7pv-sqlfluff-3.0.5"
        }
      }
    }
  }
}
