{
  "lockfile_version": "1",
  "packages": {
    "atlas@0.30.0": {
      "last_modified": "2025-01-19T08:16:51Z",
      "resolved": "github:NixOS/nixpkgs/50165c4f7eb48ce82bd063e1fb8047a0f515f8ce#atlas",
      "source": "devbox-search",
      "version": "0.30.0",
      "systems": {
        "aarch64-darwin": {
          "outputs": [
            {
              "name": "out",
              "path": "/nix/store/hmihbm6px7qd70abv3wnkjbzrs1h4y61-atlas-0.30.0",
              "default": true
            }
          ],
          "store_path": "/nix/store/hmihbm6px7qd70abv3wnkjbzrs1h4y61-atlas-0.30.0"
        },
        "aarch64-linux": {
          "outputs": [
            {
              "name": "out",
              "path": "/nix/store/b96hgfw7b79m0fw23f9hgs1sp3bk6ca8-atlas-0.30.0",
              "default": true
            }
          ],
          "store_path": "/nix/store/b96hgfw7b79m0fw23f9hgs1sp3bk6ca8-atlas-0.30.0"
        },
        "x86_64-darwin": {
          "outputs": [
            {
              "name": "out",
              "path": "/nix/store/42klcajv883vnvxkkv7cjc1iixg58k47-atlas-0.30.0",
              "default": true
            }
          ],
          "store_path": "/nix/store/42klcajv883vnvxkkv7cjc1iixg58k47-atlas-0.30.0"
        },
        "x86_64-linux": {
          "outputs": [
            {
              "name": "out",
              "path": "/nix/store/n1rnflxpi793qrcpksl3lkz9m9xy0win-atlas-0.30.0",
              "default": true
            }
          ],
          "store_path": "/nix/store/n1rnflxpi793qrcpksl3lkz9m9xy0win-atlas-0.30.0"
        }
      }
    },
    "buf@1.50.0": {
      "last_modified": "2025-02-01T06:33:04Z",
      "resolved": "github:NixOS/nixpkgs/047ebac174c408d6e5428b1865478893001276c5#buf",
      "source": "devbox-search",
      "version": "1.50.0",
      "systems": {
        "aarch64-darwin": {
          "outputs": [
            {
              "name": "out",
              "path": "/nix/store/8m4vsxlfskbcz4hvk7dlcj1i4111jp4l-buf-1.50.0",
              "default": true
            }
          ],
          "store_path": "/nix/store/8m4vsxlfskbcz4hvk7dlcj1i4111jp4l-buf-1.50.0"
        },
        "aarch64-linux": {
          "outputs": [
            {
              "name": "out",
              "path": "/nix/store/drp9ix6dppvlb83ys2q4127gsccjqw5y-buf-1.50.0",
              "default": true
            }
          ],
          "store_path": "/nix/store/drp9ix6dppvlb83ys2q4127gsccjqw5y-buf-1.50.0"
        },
        "x86_64-darwin": {
          "outputs": [
            {
              "name": "out",
              "path": "/nix/store/kpzj4jv7qh7ck138x0zpzxrc2kilbl0g-buf-1.50.0",
              "default": true
            }
          ],
          "store_path": "/nix/store/kpzj4jv7qh7ck138x0zpzxrc2kilbl0g-buf-1.50.0"
        },
        "x86_64-linux": {
          "outputs": [
            {
              "name": "out",
              "path": "/nix/store/bnri1h5qwga0hmlss16fsz5hmlq0n3a5-buf-1.50.0",
              "default": true
            }
          ],
          "store_path": "/nix/store/bnri1h5qwga0hmlss16fsz5hmlq0n3a5-buf-1.50.0"
        }
      }
    },
    "delve@1.24.0": {
      "last_modified": "2025-01-19T08:16:51Z",
      "resolved": "github:NixOS/nixpkgs/50165c4f7eb48ce82bd063e1fb8047a0f515f8ce#delve",
      "source": "devbox-search",
      "version": "1.24.0",
      "systems": {
        "aarch64-darwin": {
          "outputs": [
            {
              "name": "out",
              "path": "/nix/store/qz7a1nhki6jm8k7zl8i037n0hy5djkfa-delve-1.24.0",
              "default": true
            }
          ],
          "store_path": "/nix/store/qz7a1nhki6jm8k7zl8i037n0hy5djkfa-delve-1.24.0"
        },
        "aarch64-linux": {
          "outputs": [
            {
              "name": "out",
              "path": "/nix/store/my1nh4xb433rnjw431q02gk454n025p5-delve-1.24.0",
              "default": true
            }
          ],
          "store_path": "/nix/store/my1nh4xb433rnjw431q02gk454n025p5-delve-1.24.0"
        },
        "x86_64-darwin": {
          "outputs": [
            {
              "name": "out",
              "path": "/nix/store/58nm8g68f4vcl683c6sdd5ynvay5q4b2-delve-1.24.0",
              "default": true
            }
          ],
          "store_path": "/nix/store/58nm8g68f4vcl683c6sdd5ynvay5q4b2-delve-1.24.0"
        },
        "x86_64-linux": {
          "outputs": [
            {
              "name": "out",
              "path": "/nix/store/d7cg8g75r60kbbcp3075kmswycb04xp1-delve-1.24.0",
              "default": true
            }
          ],
          "store_path": "/nix/store/d7cg8g75r60kbbcp3075kmswycb04xp1-delve-1.24.0"
        }
      }
    },
    "go-mockery@2.52.1": {
      "last_modified": "2025-02-04T04:50:32Z",
      "resolved": "github:NixOS/nixpkgs/95ea544c84ebed84a31896b0ecea2570e5e0e236#go-mockery",
      "source": "devbox-search",
      "version": "2.52.1",
      "systems": {
        "aarch64-darwin": {
          "outputs": [
            {
              "name": "out",
              "path": "/nix/store/xlq7s1zs3vp7gl641bq0kq5pj1zx8hii-go-mockery-2.52.1",
              "default": true
            }
          ],
          "store_path": "/nix/store/xlq7s1zs3vp7gl641bq0kq5pj1zx8hii-go-mockery-2.52.1"
        },
        "aarch64-linux": {
          "outputs": [
            {
              "name": "out",
              "path": "/nix/store/ld9rnspxmw4lxpjdb2agf4zgchzcynyg-go-mockery-2.52.1",
              "default": true
            }
          ],
          "store_path": "/nix/store/ld9rnspxmw4lxpjdb2agf4zgchzcynyg-go-mockery-2.52.1"
        },
        "x86_64-darwin": {
          "outputs": [
            {
              "name": "out",
              "path": "/nix/store/0b8gsa37xh3xhhfhmcna7b7fg97l1221-go-mockery-2.52.1",
              "default": true
            }
          ],
          "store_path": "/nix/store/0b8gsa37xh3xhhfhmcna7b7fg97l1221-go-mockery-2.52.1"
        },
        "x86_64-linux": {
          "outputs": [
            {
              "name": "out",
              "path": "/nix/store/80dwcva3n3x8ybrv26j1svhjds7ygcq5-go-mockery-2.52.1",
              "default": true
            }
          ],
          "store_path": "/nix/store/80dwcva3n3x8ybrv26j1svhjds7ygcq5-go-mockery-2.52.1"
        }
      }
    },
    "go-task@latest": {
      "last_modified": "2025-01-19T08:16:51Z",
      "resolved": "github:NixOS/nixpkgs/50165c4f7eb48ce82bd063e1fb8047a0f515f8ce#go-task",
      "source": "devbox-search",
      "version": "3.41.0",
      "systems": {
        "aarch64-darwin": {
          "outputs": [
            {
              "name": "out",
              "path": "/nix/store/v4vvksxrgyxdyhb1hvvap5sqp4ycl7xv-go-task-3.41.0",
              "default": true
            }
          ],
          "store_path": "/nix/store/v4vvksxrgyxdyhb1hvvap5sqp4ycl7xv-go-task-3.41.0"
        },
        "aarch64-linux": {
          "outputs": [
            {
              "name": "out",
              "path": "/nix/store/iq7vnz78z8ff1px700ra1j4iinfsvhjg-go-task-3.41.0",
              "default": true
            }
          ],
          "store_path": "/nix/store/iq7vnz78z8ff1px700ra1j4iinfsvhjg-go-task-3.41.0"
        },
        "x86_64-darwin": {
          "outputs": [
            {
              "name": "out",
              "path": "/nix/store/bf1zwbad0cqwhpcjylynpx18c8ylm6nx-go-task-3.41.0",
              "default": true
            }
          ],
          "store_path": "/nix/store/bf1zwbad0cqwhpcjylynpx18c8ylm6nx-go-task-3.41.0"
        },
        "x86_64-linux": {
          "outputs": [
            {
              "name": "out",
              "path": "/nix/store/cbz45j0wbsp929rd8381ifbiqxy7jp71-go-task-3.41.0",
              "default": true
            }
          ],
          "store_path": "/nix/store/cbz45j0wbsp929rd8381ifbiqxy7jp71-go-task-3.41.0"
        }
      }
    },
    "gofumpt@latest": {
      "last_modified": "2025-01-19T08:16:51Z",
      "resolved": "github:NixOS/nixpkgs/50165c4f7eb48ce82bd063e1fb8047a0f515f8ce#gofumpt",
      "source": "devbox-search",
      "version": "0.7.0",
      "systems": {
        "aarch64-darwin": {
          "outputs": [
            {
              "name": "out",
              "path": "/nix/store/nvipsp6sdl4z4ayfz2csja78admp7hh3-gofumpt-0.7.0",
              "default": true
            }
          ],
          "store_path": "/nix/store/nvipsp6sdl4z4ayfz2csja78admp7hh3-gofumpt-0.7.0"
        },
        "aarch64-linux": {
          "outputs": [
            {
              "name": "out",
              "path": "/nix/store/5pmc8wbhd00z4s5qwipmhxnmldg7glzr-gofumpt-0.7.0",
              "default": true
            }
          ],
          "store_path": "/nix/store/5pmc8wbhd00z4s5qwipmhxnmldg7glzr-gofumpt-0.7.0"
        },
        "x86_64-darwin": {
          "outputs": [
            {
              "name": "out",
              "path": "/nix/store/vg38xm3d1rp1qij1m5cc28b4yx3z0in4-gofumpt-0.7.0",
              "default": true
            }
          ],
          "store_path": "/nix/store/vg38xm3d1rp1qij1m5cc28b4yx3z0in4-gofumpt-0.7.0"
        },
        "x86_64-linux": {
          "outputs": [
            {
              "name": "out",
              "path": "/nix/store/yzmdkhg1iv08ffzwbxym5pxn3mjsn5x1-gofumpt-0.7.0",
              "default": true
            }
          ],
          "store_path": "/nix/store/yzmdkhg1iv08ffzwbxym5pxn3mjsn5x1-gofumpt-0.7.0"
        }
      }
    },
    "golangci-lint@1.63.4": {
      "last_modified": "2025-01-19T08:16:51Z",
      "resolved": "github:NixOS/nixpkgs/50165c4f7eb48ce82bd063e1fb8047a0f515f8ce#golangci-lint",
      "source": "devbox-search",
      "version": "1.63.4",
      "systems": {
        "aarch64-darwin": {
          "outputs": [
            {
              "name": "out",
              "path": "/nix/store/p81vg4szd85xb1m5r17fn6h2cd433xv9-golangci-lint-1.63.4",
              "default": true
            }
          ],
          "store_path": "/nix/store/p81vg4szd85xb1m5r17fn6h2cd433xv9-golangci-lint-1.63.4"
        },
        "aarch64-linux": {
          "outputs": [
            {
              "name": "out",
              "path": "/nix/store/45k8x4b0ygqwpf7di7rcglxsz8ykxz9z-golangci-lint-1.63.4",
              "default": true
            }
          ],
          "store_path": "/nix/store/45k8x4b0ygqwpf7di7rcglxsz8ykxz9z-golangci-lint-1.63.4"
        },
        "x86_64-darwin": {
          "outputs": [
            {
              "name": "out",
              "path": "/nix/store/2xslqh1iyjbhwyynxw09ygfaxzfhmakp-golangci-lint-1.63.4",
              "default": true
            }
          ],
          "store_path": "/nix/store/2xslqh1iyjbhwyynxw09ygfaxzfhmakp-golangci-lint-1.63.4"
        },
        "x86_64-linux": {
          "outputs": [
            {
              "name": "out",
              "path": "/nix/store/71a493qsawf2gsh3s31zsbrw5pg8psmc-golangci-lint-1.63.4",
              "default": true
            }
          ],
          "store_path": "/nix/store/71a493qsawf2gsh3s31zsbrw5pg8psmc-golangci-lint-1.63.4"
        }
      }
    },
    "gotestsum@latest": {
      "last_modified": "2025-02-07T11:26:36Z",
      "resolved": "github:NixOS/nixpkgs/d98abf5cf5914e5e4e9d57205e3af55ca90ffc1d#gotestsum",
      "source": "devbox-search",
      "version": "1.12.0-unstable-2024-09-17",
      "systems": {
        "aarch64-darwin": {
          "outputs": [
            {
              "name": "out",
              "path": "/nix/store/8bkpilgf83pcmgjc0b4fb2syx6i6qp18-gotestsum-1.12.0-unstable-2024-09-17",
              "default": true
            }
          ],
          "store_path": "/nix/store/8bkpilgf83pcmgjc0b4fb2syx6i6qp18-gotestsum-1.12.0-unstable-2024-09-17"
        },
        "aarch64-linux": {
          "outputs": [
            {
              "name": "out",
              "path": "/nix/store/wydd4blpxfpxpxzfr1vvfqnp22mcfkhl-gotestsum-1.12.0-unstable-2024-09-17",
              "default": true
            }
          ],
          "store_path": "/nix/store/wydd4blpxfpxpxzfr1vvfqnp22mcfkhl-gotestsum-1.12.0-unstable-2024-09-17"
        },
        "x86_64-darwin": {
          "outputs": [
            {
              "name": "out",
              "path": "/nix/store/5zhvrl85fkiw51sfmrnyjdws1qprhdfn-gotestsum-1.12.0-unstable-2024-09-17",
              "default": true
            }
          ],
          "store_path": "/nix/store/5zhvrl85fkiw51sfmrnyjdws1qprhdfn-gotestsum-1.12.0-unstable-2024-09-17"
        },
        "x86_64-linux": {
          "outputs": [
            {
              "name": "out",
              "path": "/nix/store/vbkbg4pryakjidx24hbqrrmdkx2qafxd-gotestsum-1.12.0-unstable-2024-09-17",
              "default": true
            }
          ],
          "store_path": "/nix/store/vbkbg4pryakjidx24hbqrrmdkx2qafxd-gotestsum-1.12.0-unstable-2024-09-17"
        }
      }
    },
    "grpc-gateway@2.26.0": {
      "last_modified": "2025-01-22T06:06:04Z",
      "resolved": "github:NixOS/nixpkgs/5757bbb8bd7c0630a0cc4bb19c47e588db30b97c#grpc-gateway",
      "source": "devbox-search",
      "version": "2.26.0",
      "systems": {
        "aarch64-darwin": {
          "outputs": [
            {
              "name": "out",
              "path": "/nix/store/7fdx98n6mp6cw619a6mz7d1mkbq2vr4h-grpc-gateway-2.26.0",
              "default": true
            }
          ],
          "store_path": "/nix/store/7fdx98n6mp6cw619a6mz7d1mkbq2vr4h-grpc-gateway-2.26.0"
        },
        "aarch64-linux": {
          "outputs": [
            {
              "name": "out",
              "path": "/nix/store/zrf6yl12a7qvbpqm8wqdzib1gl4shx02-grpc-gateway-2.26.0",
              "default": true
            }
          ],
          "store_path": "/nix/store/zrf6yl12a7qvbpqm8wqdzib1gl4shx02-grpc-gateway-2.26.0"
        },
        "x86_64-darwin": {
          "outputs": [
            {
              "name": "out",
              "path": "/nix/store/sl8wpkgry6ick1nzfj67rrhxyxg9cwpf-grpc-gateway-2.26.0",
              "default": true
            }
          ],
          "store_path": "/nix/store/sl8wpkgry6ick1nzfj67rrhxyxg9cwpf-grpc-gateway-2.26.0"
        },
        "x86_64-linux": {
          "outputs": [
            {
              "name": "out",
              "path": "/nix/store/pax00g4snpax1ba2d3cghrwl7shjics8-grpc-gateway-2.26.0",
              "default": true
            }
          ],
          "store_path": "/nix/store/pax00g4snpax1ba2d3cghrwl7shjics8-grpc-gateway-2.26.0"
        }
      }
    },
    "grpcui@latest": {
      "last_modified": "2025-01-19T08:16:51Z",
      "resolved": "github:NixOS/nixpkgs/50165c4f7eb48ce82bd063e1fb8047a0f515f8ce#grpcui",
      "source": "devbox-search",
      "version": "1.4.2",
      "systems": {
        "aarch64-darwin": {
          "outputs": [
            {
              "name": "out",
              "path": "/nix/store/q1agyw1f6i7kf7lwqpi9hqyklk9x57qj-grpcui-1.4.2",
              "default": true
            }
          ],
          "store_path": "/nix/store/q1agyw1f6i7kf7lwqpi9hqyklk9x57qj-grpcui-1.4.2"
        },
        "aarch64-linux": {
          "outputs": [
            {
              "name": "out",
              "path": "/nix/store/cmib7i3l8hhibclqhpiz20394xgfbmwr-grpcui-1.4.2",
              "default": true
            }
          ],
          "store_path": "/nix/store/cmib7i3l8hhibclqhpiz20394xgfbmwr-grpcui-1.4.2"
        },
        "x86_64-darwin": {
          "outputs": [
            {
              "name": "out",
              "path": "/nix/store/zpy4x9xcyrymwl38l5w7gx4qz5mbnkq9-grpcui-1.4.2",
              "default": true
            }
          ],
          "store_path": "/nix/store/zpy4x9xcyrymwl38l5w7gx4qz5mbnkq9-grpcui-1.4.2"
        },
        "x86_64-linux": {
          "outputs": [
            {
              "name": "out",
              "path": "/nix/store/2ilv97skg93qkiwxr8icpazam4q44wp0-grpcui-1.4.2",
              "default": true
            }
          ],
          "store_path": "/nix/store/2ilv97skg93qkiwxr8icpazam4q44wp0-grpcui-1.4.2"
        }
      }
    },
    "nodePackages.prettier@latest": {
      "last_modified": "2025-02-07T20:06:47Z",
      "resolved": "github:NixOS/nixpkgs/e8d0b02af0958823c955aaab3c82b03f54411d91#nodePackages.prettier",
      "source": "devbox-search",
      "version": "3.3.3",
      "systems": {
        "aarch64-darwin": {
          "outputs": [
            {
              "name": "out",
              "path": "/nix/store/7018mdjp14qr7vf66jwdxvxaxjvl48hn-prettier-3.3.3",
              "default": true
            }
          ],
          "store_path": "/nix/store/7018mdjp14qr7vf66jwdxvxaxjvl48hn-prettier-3.3.3"
        },
        "aarch64-linux": {
          "outputs": [
            {
              "name": "out",
              "path": "/nix/store/pysxyhskhjjsxiac0ha8zi08p2814rpi-prettier-3.3.3",
              "default": true
            }
          ],
          "store_path": "/nix/store/pysxyhskhjjsxiac0ha8zi08p2814rpi-prettier-3.3.3"
        },
        "x86_64-darwin": {
          "outputs": [
            {
              "name": "out",
              "path": "/nix/store/79qbg2kgcvji7k8whvw9k29cc84wvj3w-prettier-3.3.3",
              "default": true
            }
          ],
          "store_path": "/nix/store/79qbg2kgcvji7k8whvw9k29cc84wvj3w-prettier-3.3.3"
        },
        "x86_64-linux": {
          "outputs": [
            {
              "name": "out",
              "path": "/nix/store/5d67xq6c3laix89h43n8pqng2vixiaik-prettier-3.3.3",
              "default": true
            }
          ],
          "store_path": "/nix/store/5d67xq6c3laix89h43n8pqng2vixiaik-prettier-3.3.3"
        }
      }
    },
    "protoc-gen-connect-go@1.18.1": {
      "last_modified": "2025-01-22T06:06:04Z",
      "resolved": "github:NixOS/nixpkgs/5757bbb8bd7c0630a0cc4bb19c47e588db30b97c#protoc-gen-connect-go",
      "source": "devbox-search",
      "version": "1.18.1",
      "systems": {
        "aarch64-darwin": {
          "outputs": [
            {
              "name": "out",
              "path": "/nix/store/c51231y36px03dbprkxdpp142pjb3sv0-protoc-gen-connect-go-1.18.1",
              "default": true
            }
          ],
          "store_path": "/nix/store/c51231y36px03dbprkxdpp142pjb3sv0-protoc-gen-connect-go-1.18.1"
        },
        "aarch64-linux": {
          "outputs": [
            {
              "name": "out",
              "path": "/nix/store/cncsxll06aq1pgwp7yj34qlvjr3ff6j0-protoc-gen-connect-go-1.18.1",
              "default": true
            }
          ],
          "store_path": "/nix/store/cncsxll06aq1pgwp7yj34qlvjr3ff6j0-protoc-gen-connect-go-1.18.1"
        },
        "x86_64-darwin": {
          "outputs": [
            {
              "name": "out",
              "path": "/nix/store/mqffakii677kvxsb5g2yr38xk7klbjvd-protoc-gen-connect-go-1.18.1",
              "default": true
            }
          ],
          "store_path": "/nix/store/mqffakii677kvxsb5g2yr38xk7klbjvd-protoc-gen-connect-go-1.18.1"
        },
        "x86_64-linux": {
          "outputs": [
            {
              "name": "out",
              "path": "/nix/store/p4pn9s1ywnscraami6r8yv2kak6v19cm-protoc-gen-connect-go-1.18.1",
              "default": true
            }
          ],
          "store_path": "/nix/store/p4pn9s1ywnscraami6r8yv2kak6v19cm-protoc-gen-connect-go-1.18.1"
        }
      }
    },
    "protoc-gen-go@1.36.4": {
      "last_modified": "2025-02-07T11:26:36Z",
      "resolved": "github:NixOS/nixpkgs/d98abf5cf5914e5e4e9d57205e3af55ca90ffc1d#protoc-gen-go",
      "source": "devbox-search",
      "version": "1.36.4",
      "systems": {
        "aarch64-darwin": {
          "outputs": [
            {
              "name": "out",
              "path": "/nix/store/ql08hq2d7havw1mmmw7xa23immnvxqlm-protoc-gen-go-1.36.4",
              "default": true
            }
          ],
          "store_path": "/nix/store/ql08hq2d7havw1mmmw7xa23immnvxqlm-protoc-gen-go-1.36.4"
        },
        "aarch64-linux": {
          "outputs": [
            {
              "name": "out",
              "path": "/nix/store/7hlsmkm0f5jiw767awgf2q6na92isryx-protoc-gen-go-1.36.4",
              "default": true
            }
          ],
          "store_path": "/nix/store/7hlsmkm0f5jiw767awgf2q6na92isryx-protoc-gen-go-1.36.4"
        },
        "x86_64-darwin": {
          "outputs": [
            {
              "name": "out",
              "path": "/nix/store/1fp5af5bvv9idqrv3cvfn851vy2rkmpf-protoc-gen-go-1.36.4",
              "default": true
            }
          ],
          "store_path": "/nix/store/1fp5af5bvv9idqrv3cvfn851vy2rkmpf-protoc-gen-go-1.36.4"
        },
        "x86_64-linux": {
          "outputs": [
            {
              "name": "out",
              "path": "/nix/store/p0lmi0sx86pc3l9zj0z7fv8wd2js5qxz-protoc-gen-go-1.36.4",
              "default": true
            }
          ],
          "store_path": "/nix/store/p0lmi0sx86pc3l9zj0z7fv8wd2js5qxz-protoc-gen-go-1.36.4"
        }
      }
    },
    "sqlc@1.28.0": {
      "last_modified": "2025-02-07T11:26:36Z",
      "resolved": "github:NixOS/nixpkgs/d98abf5cf5914e5e4e9d57205e3af55ca90ffc1d#sqlc",
      "source": "devbox-search",
      "version": "1.28.0",
      "systems": {
        "aarch64-darwin": {
          "outputs": [
            {
              "name": "out",
              "path": "/nix/store/x90gl7f5a21ilq29pmv804hzka7r4nh4-sqlc-1.28.0",
              "default": true
            }
          ],
          "store_path": "/nix/store/x90gl7f5a21ilq29pmv804hzka7r4nh4-sqlc-1.28.0"
        },
        "aarch64-linux": {
          "outputs": [
            {
              "name": "out",
              "path": "/nix/store/p2wv4myb794y58230w0h9k9h96i3wzqr-sqlc-1.28.0",
              "default": true
            }
          ],
          "store_path": "/nix/store/p2wv4myb794y58230w0h9k9h96i3wzqr-sqlc-1.28.0"
        },
        "x86_64-darwin": {
          "outputs": [
            {
              "name": "out",
              "path": "/nix/store/wkdff5p2va1kmdisr2rlwkwwwbzln7dx-sqlc-1.28.0",
              "default": true
            }
          ],
          "store_path": "/nix/store/wkdff5p2va1kmdisr2rlwkwwwbzln7dx-sqlc-1.28.0"
        },
        "x86_64-linux": {
          "outputs": [
            {
              "name": "out",
              "path": "/nix/store/v8cmn68iiik1pvyk55hpaqiqvmal73kx-sqlc-1.28.0",
              "default": true
            }
          ],
          "store_path": "/nix/store/v8cmn68iiik1pvyk55hpaqiqvmal73kx-sqlc-1.28.0"
        }
      }
    },
    "sqlfluff@latest": {
      "last_modified": "2025-02-08T12:54:32Z",
      "resolved": "github:NixOS/nixpkgs/fa35a3c8e17a3de613240fea68f876e5b4896aec#sqlfluff",
      "source": "devbox-search",
      "version": "3.3.1",
      "systems": {
        "aarch64-darwin": {
          "outputs": [
            {
              "name": "out",
              "path": "/nix/store/r8z96dmn5lkmvni4wapzyw4biim9gwsx-sqlfluff-3.3.1",
              "default": true
            },
            {
              "name": "dist",
              "path": "/nix/store/qdz1a6j4vas4c2jsw5jdmi8hfcfb2bbw-sqlfluff-3.3.1-dist"
            }
          ],
          "store_path": "/nix/store/r8z96dmn5lkmvni4wapzyw4biim9gwsx-sqlfluff-3.3.1"
        },
        "aarch64-linux": {
          "outputs": [
            {
              "name": "out",
              "path": "/nix/store/andykgqmkyvd7v6fs1by08qndhz6ffri-sqlfluff-3.3.1",
              "default": true
            },
            {
              "name": "dist",
              "path": "/nix/store/l497f97bq2xvg6cmanxm967q64lbhdp6-sqlfluff-3.3.1-dist"
            }
          ],
          "store_path": "/nix/store/andykgqmkyvd7v6fs1by08qndhz6ffri-sqlfluff-3.3.1"
        },
        "x86_64-darwin": {
          "outputs": [
            {
              "name": "out",
              "path": "/nix/store/m9zich6npl7dw20vis2pyj7asmin6x6w-sqlfluff-3.3.1",
              "default": true
            },
            {
              "name": "dist",
              "path": "/nix/store/l9bn614pmancsz2p50dy4d9a12k3bipi-sqlfluff-3.3.1-dist"
            }
          ],
          "store_path": "/nix/store/m9zich6npl7dw20vis2pyj7asmin6x6w-sqlfluff-3.3.1"
        },
        "x86_64-linux": {
          "outputs": [
            {
              "name": "out",
              "path": "/nix/store/7y1iy0g3bx811lbhmyn5azwfsnlyns0j-sqlfluff-3.3.1",
              "default": true
            },
            {
              "name": "dist",
              "path": "/nix/store/l5wkcj3pycggpmf03awlvy38yfd1d71p-sqlfluff-3.3.1-dist"
            }
          ],
          "store_path": "/nix/store/7y1iy0g3bx811lbhmyn5azwfsnlyns0j-sqlfluff-3.3.1"
        }
      }
    }
  }
}
